PODS:
  - Alamofire (5.8.1)
  - SDWebImage (5.18.9):
    - SDWebImage/Core (= 5.18.9)
  - SDWebImage/Core (5.18.9)
  - SwiftyJSON (5.0.1)

DEPENDENCIES:
  - Alamofire
  - SDWebImage (= 5.18.9)
  - SwiftyJSON

SPEC REPOS:
  trunk:
    - Alamofire
    - SDWebImage
    - SwiftyJSON

SPEC CHECKSUMS:
  Alamofire: 3ca42e259043ee0dc5c0cdd76c4bc568b8e42af7
  SDWebImage: 5e9b5f18ce88146692b1a5c174858948c84ff237
  SwiftyJSON: 2f33a42c6fbc52764d96f13368585094bfd8aa5e

PODFILE CHECKSUM: 56a3fa06834fae09a8d78568489c48994e834190

COCOAPODS: 1.14.3
